
Microsoft Visual Studio Solution File, Format Version 12.00
# Visual Studio Version 18
VisualStudioVersion = 18.5.11716.220
MinimumVisualStudioVersion = 10.0.40219.1
Project("{FAE04EC0-301F-11D3-BF4B-00C04F79EFBC}") = "WebMessenger.Api", "WebMessenger.Api\WebMessenger.Api.csproj", "{BECC12BD-AA90-466B-B9EC-084BEA17F638}"
EndProject
Project("{FAE04EC0-301F-11D3-BF4B-00C04F79EFBC}") = "WebMessenger.DAL", "WebMessenger.DAL\WebMessenger.DAL.csproj", "{7DE68E9F-FD24-4A09-92B5-B9A2224053E1}"
EndProject
Project("{FAE04EC0-301F-11D3-BF4B-00C04F79EFBC}") = "WebMessenger.Contracts", "WebMessenger.Contracts\WebMessenger.Contracts.csproj", "{A9AC1185-C09C-4F3B-9A57-06722DDBE9BC}"
EndProject
Project("{FAE04EC0-301F-11D3-BF4B-00C04F79EFBC}") = "WebMessenger.Api.Tests", "WebMessenger.Api.Tests\WebMessenger.Api.Tests.csproj", "{228F929A-2F4F-4F9E-BC62-6C87EA63CE5A}"
EndProject
Project("{FAE04EC0-301F-11D3-BF4B-00C04F79EFBC}") = "WebMessenger.Contracts.Tests", "WebMessenger.Contracts.Tests\WebMessenger.Contracts.Tests.csproj", "{40ABB465-191F-4684-BCC8-FB480051BFF2}"
EndProject
Project("{2150E333-8FDC-42A3-9474-1A3956D46DE8}") = "Solution Items", "Solution Items", "{74F3AA1A-47C7-40C7-9F07-B6ADB0F04479}"
	ProjectSection(SolutionItems) = preProject
		..\docs\CODEBASE_MAP.md = ..\docs\CODEBASE_MAP.md
		..\docs\EF_Core_Refactoring_Recommendations.md = ..\docs\EF_Core_Refactoring_Recommendations.md
		..\docs\plans\TRELLO-2-add-a-practical-testing-api-validation-showcase-plan.md = ..\docs\plans\TRELLO-2-add-a-practical-testing-api-validation-showcase-plan.md
	EndProjectSection
EndProject
Global
	GlobalSection(SolutionConfigurationPlatforms) = preSolution
		Debug|Any CPU = Debug|Any CPU
		Debug|x64 = Debug|x64
		Debug|x86 = Debug|x86
		Release|Any CPU = Release|Any CPU
		Release|x64 = Release|x64
		Release|x86 = Release|x86
	EndGlobalSection
	GlobalSection(ProjectConfigurationPlatforms) = postSolution
		{BECC12BD-AA90-466B-B9EC-084BEA17F638}.Debug|Any CPU.ActiveCfg = Debug|Any CPU
		{BECC12BD-AA90-466B-B9EC-084BEA17F638}.Debug|Any CPU.Build.0 = Debug|Any CPU
		{BECC12BD-AA90-466B-B9EC-084BEA17F638}.Debug|x64.ActiveCfg = Debug|Any CPU
		{BECC12BD-AA90-466B-B9EC-084BEA17F638}.Debug|x64.Build.0 = Debug|Any CPU
		{BECC12BD-AA90-466B-B9EC-084BEA17F638}.Debug|x86.ActiveCfg = Debug|Any CPU
		{BECC12BD-AA90-466B-B9EC-084BEA17F638}.Debug|x86.Build.0 = Debug|Any CPU
		{BECC12BD-AA90-466B-B9EC-084BEA17F638}.Release|Any CPU.ActiveCfg = Release|Any CPU
		{BECC12BD-AA90-466B-B9EC-084BEA17F638}.Release|Any CPU.Build.0 = Release|Any CPU
		{BECC12BD-AA90-466B-B9EC-084BEA17F638}.Release|x64.ActiveCfg = Release|Any CPU
		{BECC12BD-AA90-466B-B9EC-084BEA17F638}.Release|x64.Build.0 = Release|Any CPU
		{BECC12BD-AA90-466B-B9EC-084BEA17F638}.Release|x86.ActiveCfg = Release|Any CPU
		{BECC12BD-AA90-466B-B9EC-084BEA17F638}.Release|x86.Build.0 = Release|Any CPU
		{7DE68E9F-FD24-4A09-92B5-B9A2224053E1}.Debug|Any CPU.ActiveCfg = Debug|Any CPU
		{7DE68E9F-FD24-4A09-92B5-B9A2224053E1}.Debug|Any CPU.Build.0 = Debug|Any CPU
		{7DE68E9F-FD24-4A09-92B5-B9A2224053E1}.Debug|x64.ActiveCfg = Debug|Any CPU
		{7DE68E9F-FD24-4A09-92B5-B9A2224053E1}.Debug|x64.Build.0 = Debug|Any CPU
		{7DE68E9F-FD24-4A09-92B5-B9A2224053E1}.Debug|x86.ActiveCfg = Debug|Any CPU
		{7DE68E9F-FD24-4A09-92B5-B9A2224053E1}.Debug|x86.Build.0 = Debug|Any CPU
		{7DE68E9F-FD24-4A09-92B5-B9A2224053E1}.Release|Any CPU.ActiveCfg = Release|Any CPU
		{7DE68E9F-FD24-4A09-92B5-B9A2224053E1}.Release|Any CPU.Build.0 = Release|Any CPU
		{7DE68E9F-FD24-4A09-92B5-B9A2224053E1}.Release|x64.ActiveCfg = Release|Any CPU
		{7DE68E9F-FD24-4A09-92B5-B9A2224053E1}.Release|x64.Build.0 = Release|Any CPU
		{7DE68E9F-FD24-4A09-92B5-B9A2224053E1}.Release|x86.ActiveCfg = Release|Any CPU
		{7DE68E9F-FD24-4A09-92B5-B9A2224053E1}.Release|x86.Build.0 = Release|Any CPU
		{A9AC1185-C09C-4F3B-9A57-06722DDBE9BC}.Debug|Any CPU.ActiveCfg = Debug|Any CPU
		{A9AC1185-C09C-4F3B-9A57-06722DDBE9BC}.Debug|Any CPU.Build.0 = Debug|Any CPU
		{A9AC1185-C09C-4F3B-9A57-06722DDBE9BC}.Debug|x64.ActiveCfg = Debug|Any CPU
		{A9AC1185-C09C-4F3B-9A57-06722DDBE9BC}.Debug|x64.Build.0 = Debug|Any CPU
		{A9AC1185-C09C-4F3B-9A57-06722DDBE9BC}.Debug|x86.ActiveCfg = Debug|Any CPU
		{A9AC1185-C09C-4F3B-9A57-06722DDBE9BC}.Debug|x86.Build.0 = Debug|Any CPU
		{A9AC1185-C09C-4F3B-9A57-06722DDBE9BC}.Release|Any CPU.ActiveCfg = Release|Any CPU
		{A9AC1185-C09C-4F3B-9A57-06722DDBE9BC}.Release|Any CPU.Build.0 = Release|Any CPU
		{A9AC1185-C09C-4F3B-9A57-06722DDBE9BC}.Release|x64.ActiveCfg = Release|Any CPU
		{A9AC1185-C09C-4F3B-9A57-06722DDBE9BC}.Release|x64.Build.0 = Release|Any CPU
		{A9AC1185-C09C-4F3B-9A57-06722DDBE9BC}.Release|x86.ActiveCfg = Release|Any CPU
		{A9AC1185-C09C-4F3B-9A57-06722DDBE9BC}.Release|x86.Build.0 = Release|Any CPU
		{228F929A-2F4F-4F9E-BC62-6C87EA63CE5A}.Debug|Any CPU.ActiveCfg = Debug|Any CPU
		{228F929A-2F4F-4F9E-BC62-6C87EA63CE5A}.Debug|Any CPU.Build.0 = Debug|Any CPU
		{228F929A-2F4F-4F9E-BC62-6C87EA63CE5A}.Debug|x64.ActiveCfg = Debug|Any CPU
		{228F929A-2F4F-4F9E-BC62-6C87EA63CE5A}.Debug|x64.Build.0 = Debug|Any CPU
		{228F929A-2F4F-4F9E-BC62-6C87EA63CE5A}.Debug|x86.ActiveCfg = Debug|Any CPU
		{228F929A-2F4F-4F9E-BC62-6C87EA63CE5A}.Debug|x86.Build.0 = Debug|Any CPU
		{228F929A-2F4F-4F9E-BC62-6C87EA63CE5A}.Release|Any CPU.ActiveCfg = Release|Any CPU
		{228F929A-2F4F-4F9E-BC62-6C87EA63CE5A}.Release|Any CPU.Build.0 = Release|Any CPU
		{228F929A-2F4F-4F9E-BC62-6C87EA63CE5A}.Release|x64.ActiveCfg = Release|Any CPU
		{228F929A-2F4F-4F9E-BC62-6C87EA63CE5A}.Release|x64.Build.0 = Release|Any CPU
		{228F929A-2F4F-4F9E-BC62-6C87EA63CE5A}.Release|x86.ActiveCfg = Release|Any CPU
		{228F929A-2F4F-4F9E-BC62-6C87EA63CE5A}.Release|x86.Build.0 = Release|Any CPU
		{40ABB465-191F-4684-BCC8-FB480051BFF2}.Debug|Any CPU.ActiveCfg = Debug|Any CPU
		{40ABB465-191F-4684-BCC8-FB480051BFF2}.Debug|Any CPU.Build.0 = Debug|Any CPU
		{40ABB465-191F-4684-BCC8-FB480051BFF2}.Debug|x64.ActiveCfg = Debug|Any CPU
		{40ABB465-191F-4684-BCC8-FB480051BFF2}.Debug|x64.Build.0 = Debug|Any CPU
		{40ABB465-191F-4684-BCC8-FB480051BFF2}.Debug|x86.ActiveCfg = Debug|Any CPU
		{40ABB465-191F-4684-BCC8-FB480051BFF2}.Debug|x86.Build.0 = Debug|Any CPU
		{40ABB465-191F-4684-BCC8-FB480051BFF2}.Release|Any CPU.ActiveCfg = Release|Any CPU
		{40ABB465-191F-4684-BCC8-FB480051BFF2}.Release|Any CPU.Build.0 = Release|Any CPU
		{40ABB465-191F-4684-BCC8-FB480051BFF2}.Release|x64.ActiveCfg = Release|Any CPU
		{40ABB465-191F-4684-BCC8-FB480051BFF2}.Release|x64.Build.0 = Release|Any CPU
		{40ABB465-191F-4684-BCC8-FB480051BFF2}.Release|x86.ActiveCfg = Release|Any CPU
		{40ABB465-191F-4684-BCC8-FB480051BFF2}.Release|x86.Build.0 = Release|Any CPU
	EndGlobalSection
	GlobalSection(SolutionProperties) = preSolution
		HideSolutionNode = FALSE
	EndGlobalSection
	GlobalSection(ExtensibilityGlobals) = postSolution
		SolutionGuid = {3C193554-B961-437B-847A-9972B7E2AADA}
	EndGlobalSection
EndGlobal
